
Microsoft Visual Studio Solution File, Format Version 12.00
# Visual Studio Version 17
VisualStudioVersion = 17.5.33627.172
MinimumVisualStudioVersion = 10.0.40219.1
Project("{8BC9CEB8-8B4A-11D0-8D11-00A0C91BC942}") = "staticfunction_170", "staticfunction_170\staticfunction_170.vcxproj", "{E693BA6A-D30D-4AF4-94F0-452B3AEAE205}"
EndProject
Project("{8BC9CEB8-8B4A-11D0-8D11-00A0C91BC942}") = "staticfunction2_170", "staticfunction2_170\staticfunction2_170.vcxproj", "{7BF27C55-D398-4807-B716-0DAE24E72362}"
EndProject
Project("{8BC9CEB8-8B4A-11D0-8D11-00A0C91BC942}") = "konstruktor", "konstruktor\konstruktor.vcxproj", "{35AD143B-04D7-49C7-B857-3622CD34D185}"
EndProject
Project("{8BC9CEB8-8B4A-11D0-8D11-00A0C91BC942}") = "destruktor", "destruktor\destruktor.vcxproj", "{8C803E72-FA78-402A-864B-AC8E88C71D90}"
EndProject
Project("{8BC9CEB8-8B4A-11D0-8D11-00A0C91BC942}") = "chainfunction", "chainfunction\chainfunction.vcxproj", "{04A0290F-8526-4D41-98DC-0E4F0E26627A}"
EndProject
Global
	GlobalSection(SolutionConfigurationPlatforms) = preSolution
		Debug|x64 = Debug|x64
		Debug|x86 = Debug|x86
		Release|x64 = Release|x64
		Release|x86 = Release|x86
	EndGlobalSection
	GlobalSection(ProjectConfigurationPlatforms) = postSolution
		{E693BA6A-D30D-4AF4-94F0-452B3AEAE205}.Debug|x64.ActiveCfg = Debug|x64
		{E693BA6A-D30D-4AF4-94F0-452B3AEAE205}.Debug|x64.Build.0 = Debug|x64
		{E693BA6A-D30D-4AF4-94F0-452B3AEAE205}.Debug|x86.ActiveCfg = Debug|Win32
		{E693BA6A-D30D-4AF4-94F0-452B3AEAE205}.Debug|x86.Build.0 = Debug|Win32
		{E693BA6A-D30D-4AF4-94F0-452B3AEAE205}.Release|x64.ActiveCfg = Release|x64
		{E693BA6A-D30D-4AF4-94F0-452B3AEAE205}.Release|x64.Build.0 = Release|x64
		{E693BA6A-D30D-4AF4-94F0-452B3AEAE205}.Release|x86.ActiveCfg = Release|Win32
		{E693BA6A-D30D-4AF4-94F0-452B3AEAE205}.Release|x86.Build.0 = Release|Win32
		{7BF27C55-D398-4807-B716-0DAE24E72362}.Debug|x64.ActiveCfg = Debug|x64
		{7BF27C55-D398-4807-B716-0DAE24E72362}.Debug|x64.Build.0 = Debug|x64
		{7BF27C55-D398-4807-B716-0DAE24E72362}.Debug|x86.ActiveCfg = Debug|Win32
		{7BF27C55-D398-4807-B716-0DAE24E72362}.Debug|x86.Build.0 = Debug|Win32
		{7BF27C55-D398-4807-B716-0DAE24E72362}.Release|x64.ActiveCfg = Release|x64
		{7BF27C55-D398-4807-B716-0DAE24E72362}.Release|x64.Build.0 = Release|x64
		{7BF27C55-D398-4807-B716-0DAE24E72362}.Release|x86.ActiveCfg = Release|Win32
		{7BF27C55-D398-4807-B716-0DAE24E72362}.Release|x86.Build.0 = Release|Win32
		{35AD143B-04D7-49C7-B857-3622CD34D185}.Debug|x64.ActiveCfg = Debug|x64
		{35AD143B-04D7-49C7-B857-3622CD34D185}.Debug|x64.Build.0 = Debug|x64
		{35AD143B-04D7-49C7-B857-3622CD34D185}.Debug|x86.ActiveCfg = Debug|Win32
		{35AD143B-04D7-49C7-B857-3622CD34D185}.Debug|x86.Build.0 = Debug|Win32
		{35AD143B-04D7-49C7-B857-3622CD34D185}.Release|x64.ActiveCfg = Release|x64
		{35AD143B-04D7-49C7-B857-3622CD34D185}.Release|x64.Build.0 = Release|x64
		{35AD143B-04D7-49C7-B857-3622CD34D185}.Release|x86.ActiveCfg = Release|Win32
		{35AD143B-04D7-49C7-B857-3622CD34D185}.Release|x86.Build.0 = Release|Win32
		{8C803E72-FA78-402A-864B-AC8E88C71D90}.Debug|x64.ActiveCfg = Debug|x64
		{8C803E72-FA78-402A-864B-AC8E88C71D90}.Debug|x64.Build.0 = Debug|x64
		{8C803E72-FA78-402A-864B-AC8E88C71D90}.Debug|x86.ActiveCfg = Debug|Win32
		{8C803E72-FA78-402A-864B-AC8E88C71D90}.Debug|x86.Build.0 = Debug|Win32
		{8C803E72-FA78-402A-864B-AC8E88C71D90}.Release|x64.ActiveCfg = Release|x64
		{8C803E72-FA78-402A-864B-AC8E88C71D90}.Release|x64.Build.0 = Release|x64
		{8C803E72-FA78-402A-864B-AC8E88C71D90}.Release|x86.ActiveCfg = Release|Win32
		{8C803E72-FA78-402A-864B-AC8E88C71D90}.Release|x86.Build.0 = Release|Win32
		{04A0290F-8526-4D41-98DC-0E4F0E26627A}.Debug|x64.ActiveCfg = Debug|x64
		{04A0290F-8526-4D41-98DC-0E4F0E26627A}.Debug|x64.Build.0 = Debug|x64
		{04A0290F-8526-4D41-98DC-0E4F0E26627A}.Debug|x86.ActiveCfg = Debug|Win32
		{04A0290F-8526-4D41-98DC-0E4F0E26627A}.Debug|x86.Build.0 = Debug|Win32
		{04A0290F-8526-4D41-98DC-0E4F0E26627A}.Release|x64.ActiveCfg = Release|x64
		{04A0290F-8526-4D41-98DC-0E4F0E26627A}.Release|x64.Build.0 = Release|x64
		{04A0290F-8526-4D41-98DC-0E4F0E26627A}.Release|x86.ActiveCfg = Release|Win32
		{04A0290F-8526-4D41-98DC-0E4F0E26627A}.Release|x86.Build.0 = Release|Win32
	EndGlobalSection
	GlobalSection(SolutionProperties) = preSolution
		HideSolutionNode = FALSE
	EndGlobalSection
	GlobalSection(ExtensibilityGlobals) = postSolution
		SolutionGuid = {68595096-2E28-4B71-9340-A9CC4D93AB93}
	EndGlobalSection
EndGlobal
